
Microsoft Visual Studio Solution File, Format Version 12.00
# Visual Studio Version 16
VisualStudioVersion = 16.0.30413.136
MinimumVisualStudioVersion = 10.0.40219.1
Project("{9A19103F-16F7-4668-BE54-9A1E7A4F7556}") = "quizz", "quizz\quizz.csproj", "{1A2470E9-3982-45A4-B7CA-F72DFE4A43A9}"
EndProject
Project("{2150E333-8FDC-42A3-9474-1A3956D46DE8}") = "Solution Items", "Solution Items", "{0678A798-A4F9-4EDF-AABE-1CCE226CCC6F}"
	ProjectSection(SolutionItems) = preProject
		.editorconfig = .editorconfig
	EndProjectSection
EndProject
Global
	GlobalSection(SolutionConfigurationPlatforms) = preSolution
		Debug|Any CPU = Debug|Any CPU
		Release|Any CPU = Release|Any CPU
	EndGlobalSection
	GlobalSection(ProjectConfigurationPlatforms) = postSolution
		{1A2470E9-3982-45A4-B7CA-F72DFE4A43A9}.Debug|Any CPU.ActiveCfg = Debug|Any CPU
		{1A2470E9-3982-45A4-B7CA-F72DFE4A43A9}.Debug|Any CPU.Build.0 = Debug|Any CPU
		{1A2470E9-3982-45A4-B7CA-F72DFE4A43A9}.Release|Any CPU.ActiveCfg = Release|Any CPU
		{1A2470E9-3982-45A4-B7CA-F72DFE4A43A9}.Release|Any CPU.Build.0 = Release|Any CPU
	EndGlobalSection
	GlobalSection(SolutionProperties) = preSolution
		HideSolutionNode = FALSE
	EndGlobalSection
	GlobalSection(ExtensibilityGlobals) = postSolution
		SolutionGuid = {A0C5F9CA-6DCD-45DF-9C16-45601E6B5946}
	EndGlobalSection
EndGlobal
